{
    "_meta": {
        "hash": {
            "sha256": "49f149b21be4e33d8fc863c4800f97057dcf812aeef2cbe7a24cad2c195bbb18"
        },
        "pipfile-spec": 6,
        "requires": {
            "python_version": "3.6"
        },
        "sources": [
            {
                "name": "pypi",
                "url": "https://pypi.org/simple",
                "verify_ssl": true
            }
        ]
    },
    "default": {
        "future": {
            "hashes": [
                "sha256:b1bead90b70cf6ec3f0710ae53a525360fa360d306a86583adc6bf83a4db537d"
            ],
            "index": "pypi",
            "version": "==0.18.2"
        },
        "google-cloud": {
            "hashes": [
                "sha256:01430187cf56df10a9ba775dd547393185d4b40741db0ea5889301f8e7a9d5d3",
                "sha256:fb1ab7b0548fe44b3d538041f0a374505b7f990d448a935ea36649c5ccab5acf"
            ],
            "index": "pypi",
            "version": "==0.34.0"
        },
        "grpcio": {
            "hashes": [
                "sha256:02a4a637a774382d6ac8e65c0a7af4f7f4b9704c980a0a9f4f7bbc1e97c5b733",
                "sha256:08b6a58c8a83e71af5650f8f879fe14b7b84dce0c4969f3817b42c72989dacf0",
                "sha256:0aeed3558a0eec0b31700af6072f1c90e8fd5701427849e76bc469554a14b4f5",
                "sha256:0cebba3907441d5c620f7b491a780ed155140fbd590da0886ecfb1df6ad947b9",
                "sha256:143b4fe72c01000fc0667bf62ace402a6518939b3511b3c2bec04d44b1d7591c",
                "sha256:21265511880056d19ce4f809ce3fbe2a3fa98ec1fc7167dbdf30a80d3276202e",
                "sha256:289671cfe441069f617bf23c41b1fa07053a31ff64de918d1016ac73adda2f73",
                "sha256:2d5124284f9d29e4f06f674a12ebeb23fc16ce0f96f78a80a6036930642ae5ab",
                "sha256:2f2eabfd514af8945ee415083a0f849eea6cb3af444999453bb6666fadc10f54",
                "sha256:3ac453387add933b6cfbc67cc8635f91ff9895299130fc612c3c4b904e91d82a",
                "sha256:407b4d869ce5c6a20af5b96bb885e3ecaf383e3fb008375919eb26cf8f10d9cd",
                "sha256:4bb771c4c2411196b778871b519c7e12e87f3fa72b0517b22f952c64ead07958",
                "sha256:4cef3eb2df338abd9b6164427ede961d351c6bf39b4a01448a65f9e795f56575",
                "sha256:514b4a6790d6597fc95608f49f2f13fe38329b2058538095f0502b734b98ffd2",
                "sha256:52143467237bfa77331ed1979dc3e203a1c12511ee37b3ddd9ff41b05804fb10",
                "sha256:56e2a985efdba8e2282e856470b684e83a3cadd920f04fcd360b4b826ced0dd3",
                "sha256:592656b10528aa327058d2007f7ab175dc9eb3754b289e24cac36e09129a2f6b",
                "sha256:5b21d3de520a699cb631cfd3a773a57debeb36b131be366bf832153405cc5404",
                "sha256:62ce7e86f11e8c4ff772e63c282fb5a7904274258be0034adf37aa679cf96ba0",
                "sha256:65b06fa2db2edd1b779f9b256e270f7a58d60e40121660d8b5fd6e8b88f122ed",
                "sha256:6a1b5b7e47600edcaeaa42983b1c19e7a5892c6b98bcde32ae2aa509a99e0436",
                "sha256:703da25278ee7318acb766be1c6d3b67d392920d002b2d0304e7f3431b74f6c1",
                "sha256:7744468ee48be3265db798f27e66e118c324d7831a34fd39d5775bcd5a70a2c4",
                "sha256:7c1ea6ea6daa82031af6eb5b7d1ab56b1193840389ea7cf46d80e98636f8aff5",
                "sha256:7d292dabf7ded9c062357f8207e20e94095a397d487ffd25aa213a2c3dff0ab4",
                "sha256:7f727b8b6d9f92fcab19dbc62ec956d8352c6767b97b8ab18754b2dfa84d784f",
                "sha256:7fda62846ef8d86caf06bd1ecfddcae2c7e59479a4ee28808120e170064d36cc",
                "sha256:85e56ab125b35b1373205b3802f58119e70ffedfe0d7e2821999126058f7c44f",
                "sha256:88f2a102cbc67e91f42b4323cec13348bf6255b25f80426088079872bd4f3c5c",
                "sha256:89add4f4cda9546f61cb8a6988bc5b22101dd8ca4af610dff6f28105d1f78695",
                "sha256:8cf67b8493bff50fa12b4bc30ab40ce1f1f216eb54145962b525852959b0ab3d",
                "sha256:a8c84db387907e8d800c383e4c92f39996343adedf635ae5206a684f94df8311",
                "sha256:abaf30d18874310d4439a23a0afb6e4b5709c4266966401de7c4ae345cc810ee",
                "sha256:affbb739fde390710190e3540acc9f3e65df25bd192cc0aa554f368288ee0ea2",
                "sha256:b412f43c99ca72769306293ba83811b241d41b62ca8f358e47e0fdaf7b6fbbd7",
                "sha256:b581ddb8df619402c377c81f186ad7f5e2726ad9f8d57047144b352f83f37522",
                "sha256:bf7de9e847d2d14a0efcd48b290ee181fdbffb2ae54dfa2ec2a935a093730bac",
                "sha256:c5030be8a60fb18de1fc8d93d130d57e4296c02f229200df814f6578da00429e",
                "sha256:c89510381cbf8c8317e14e747a8b53988ad226f0ed240824064a9297b65f921d",
                "sha256:d386630af995fd4de225d550b6806507ca09f5a650f227fddb29299335cda55e",
                "sha256:d51ddfb3d481a6a3439db09d4b08447fb9f6b60d862ab301238f37bea8f60a6d",
                "sha256:dd47fac2878f6102efa211461eb6fa0a6dd7b4899cd1ade6cdcb9fa9748363eb",
                "sha256:eff55d318a114742ed2a06972f5daacfe3d5ad0c0c0d9146bcaf10acb427e6be",
                "sha256:f2673c51e8535401c68806d331faba614bcff3ee16373481158a2e74f510b7f6",
                "sha256:fa78bd55ec652d4a88ba254c8dae623c9992e2ce647bd17ba1a37ca2b7b42222",
                "sha256:ffec0b854d2ed6ee98776c7168c778cdd18503642a68d36c00ba0f96d4ccff7c"
            ],
            "version": "==1.33.2"
        },
        "grpcio-tools": {
            "hashes": [
                "sha256:089be110fc7e853709f68505be508aa055eff96bcb9b138e15f043bdb9d89011",
                "sha256:0928912acdf5a9e93fc3c47e37f2c81fc48ed019a40964abe8cbd927d3b2a9cb",
                "sha256:0c78d3b2d46f5b704928dcedc34ec084d765b492781ebeae565ee2adba18ad9a",
                "sha256:160c8c1f27bb44629da5e0c1e8e656ca2cda001bfb2fb7e346172933e08dc456",
                "sha256:169c4b218584b071201b01ae2354bf3adf2f7d927b04154825f19b3764394fbf",
                "sha256:296acc97fd54957a2e3a25c28ab667a1e8e7ccc5daf97866e2af0960c63341cb",
                "sha256:2af37ee55e466d364ca121273c1332e6430c0006c172a490d3594c8cacceb577",
                "sha256:2ca9b683db30cb29b00eb6a8274e700f8a585c9c8678213ec83f52cd1895eac5",
                "sha256:2df744b0a1b70e80392fba66fb2141f8c88ecd4fff5c46f04e7e4c976fe05339",
                "sha256:33d448bfdb65763ae2d4889b3981688dcf805df9b038c73fed12addf7bebd0a4",
                "sha256:3454b4332dbe80f0692317d315f34acc086d6c347d3f6527b05a774a5712af84",
                "sha256:3a03757a79ed9cff536bec1394721bbdc279dd59d8c0827101ba80eab894836d",
                "sha256:5f2b65df9ba3b83141d9a53a841758c97792ce36d7cf2067f657af0b43773c29",
                "sha256:601bd2001ba9e4f2ccdf7b363c436397dcc5211194fe180fa0ad2a21df5a738e",
                "sha256:62bb395d1d4e077bc1109d248e23af3200429c8e3358d47cf1a6c2ec7a429716",
                "sha256:6876271f360248a9cf37e7c2d0f8c3c034be53b3d6a5d015fb5e69a014bf121f",
                "sha256:755ccf09cbb16c0516a1e3d8db49ce2a657fd78d0bfc2491cb6520dfa6b43ddc",
                "sha256:7874f5783bdf6afd8f8b6de721952ccc6568cf71fc7dae695a296998cd2cf1d5",
                "sha256:7878adb93b0c1941eb2e0bed60719f38cda2ae5568bc0bcaa701f457e719a329",
                "sha256:83cd3231ce1c88fa2c896cab164320245ee371d45ea054375beb5a0cd75ce4da",
                "sha256:912dbabb7e29dbc0f4457c214a2cb9738e224553e9d177224ec357c2f295b533",
                "sha256:9165773bb93aff153abce255a25ccabb5d94d1103ee195ec60fef127a2c5a035",
                "sha256:96338008a77fc284443707ebd014bb4114cd97ab529ebd63f157f83cbcb6e88d",
                "sha256:9af3bcfdceb3a5f89670808a129c2cf4f5d5d0d5018f0e1c7faf58a4d9547f76",
                "sha256:a4fca9bea2ee4896164f83dde28aaa7407ce27343eb265f41b1122e5c91da6ec",
                "sha256:c3528d8f72fbd8cec8770af6989054a9b945c58bd685042abcbd8d5ea4333f9f",
                "sha256:de1ee76eba242d866fc030d5cc58f90181eb89de9ae30387e6e8d5a11f547981",
                "sha256:e82b7d382d525a0649f87fb86a993fdf385b16f15c9c29d15f8da7b9e53dc6ac",
                "sha256:ecdd0fa0fd71a9754bbd75927d391be26c4f0b556563c742780da085aa8d530d",
                "sha256:faa9ae69d1c623da0e65385406c4cfa782966be3cf3bdf2c6faa6f46281a4d49",
                "sha256:fd61d5492219f59d11d390bc223b937ef80e36aee84218497135226fdf5f41d1"
            ],
            "index": "pypi",
            "version": "==1.30.0"
        },
        "mypy-protobuf": {
            "hashes": [
                "sha256:70507b141347200f14df57ccb562b5359c49b647d5f3395829035b096a549198",
                "sha256:bf6aa113d47cadb59e7021d9320daf324392612877245c26507e7a1cda10c85f"
            ],
            "index": "pypi",
            "version": "==1.18"
        },
        "nose": {
            "hashes": [
                "sha256:9ff7c6cc443f8c51994b34a667bbcf45afd6d945be7477b52e97516fd17c53ac",
                "sha256:dadcddc0aefbf99eea214e0f1232b94f2fa9bd98fa8353711dacb112bfcbbb2a",
                "sha256:f1bffef9cbc82628f6e7d7b40d7e255aefaa1adb6a1b1d26c69a8b79e6208a98"
            ],
            "index": "pypi",
            "version": "==1.3.7"
        },
        "protobuf": {
            "hashes": [
                "sha256:0e247612fadda953047f53301a7b0407cb0c3cb4ae25a6fde661597a04039b3c",
                "sha256:0fc96785262042e4863b3f3b5c429d4636f10d90061e1840fce1baaf59b1a836",
                "sha256:1c51fda1bbc9634246e7be6016d860be01747354ed7015ebe38acf4452f470d2",
                "sha256:1d63eb389347293d8915fb47bee0951c7b5dab522a4a60118b9a18f33e21f8ce",
                "sha256:22bcd2e284b3b1d969c12e84dc9b9a71701ec82d8ce975fdda19712e1cfd4e00",
                "sha256:2a7e2fe101a7ace75e9327b9c946d247749e564a267b0515cf41dfe450b69bac",
                "sha256:43b554b9e73a07ba84ed6cf25db0ff88b1e06be610b37656e292e3cbb5437472",
                "sha256:4b74301b30513b1a7494d3055d95c714b560fbb630d8fb9956b6f27992c9f980",
                "sha256:4e75105c9dfe13719b7293f75bd53033108f4ba03d44e71db0ec2a0e8401eafd",
                "sha256:5b7a637212cc9b2bcf85dd828b1178d19efdf74dbfe1ddf8cd1b8e01fdaaa7f5",
                "sha256:5e9806a43232a1fa0c9cf5da8dc06f6910d53e4390be1fa06f06454d888a9142",
                "sha256:629b03fd3caae7f815b0c66b41273f6b1900a579e2ccb41ef4493a4f5fb84f3a",
                "sha256:72230ed56f026dd664c21d73c5db73ebba50d924d7ba6b7c0d81a121e390406e",
                "sha256:86a75477addde4918e9a1904e5c6af8d7b691f2a3f65587d73b16100fbe4c3b2",
                "sha256:8971c421dbd7aad930c9bd2694122f332350b6ccb5202a8b7b06f3f1a5c41ed5",
                "sha256:9616f0b65a30851e62f1713336c931fcd32c057202b7ff2cfbfca0fc7d5e3043",
                "sha256:b0d5d35faeb07e22a1ddf8dce620860c8fe145426c02d1a0ae2688c6e8ede36d",
                "sha256:ecc33531a213eee22ad60e0e2aaea6c8ba0021f0cce35dbf0ab03dee6e2a23a1"
            ],
            "version": "==3.14.0"
        },
        "pyhamcrest": {
            "hashes": [
                "sha256:412e00137858f04bde0729913874a48485665f2d36fe9ee449f26be864af9316",
                "sha256:7ead136e03655af85069b6f47b23eb7c3e5c221aa9f022a4fbb499f5b7308f29"
            ],
            "index": "pypi",
            "version": "==2.0.2"
        },
        "six": {
            "hashes": [
                "sha256:30639c035cdb23534cd4aa2dd52c3bf48f06e5f4a941509c8bafd8ce11080259",
                "sha256:8b74bedcbbbaca38ff6d7491d76f2b06b3592611af620f8426e82dddb04a5ced"
            ],
            "markers": "python_version >= '2.7' and python_version not in '3.0, 3.1, 3.2, 3.3'",
            "version": "==1.15.0"
        }
    },
    "develop": {}
}
